<?xml version="1.0" encoding="utf-8"?>
<Project ToolsVersion="4.0" xmlns="http://schemas.microsoft.com/developer/msbuild/2003">
  <ItemGroup>
    <Filter Include="Source Files">
      <UniqueIdentifier>{7f426c79-6388-4358-854c-48fbf1022a14}</UniqueIdentifier>
      <Extensions>cpp;c;cxx;rc;def;r;odl;idl;hpj;bat</Extensions>
    </Filter>
    <Filter Include="Header Files">
      <UniqueIdentifier>{1680e45b-736f-44b3-a3a8-2f8cf32ffcf3}</UniqueIdentifier>
      <Extensions>h;hpp;hxx;hm;inl</Extensions>
    </Filter>
    <Filter Include="Resource Files">
      <UniqueIdentifier>{c0c74aed-aa2e-40fd-ae31-7fcf59e37301}</UniqueIdentifier>
      <Extensions>ico;cur;bmp;dlg;rc2;rct;bin;rgs;gif;jpg;jpeg;jpe</Extensions>
    </Filter>
  </ItemGroup>
  <ItemGroup>
    <ClCompile Include="ChannelView.cpp">
      <Filter>Source Files</Filter>
    </ClCompile>
    <ClCompile Include="CorrectOptions.cpp">
      <Filter>Source Files</Filter>
    </ClCompile>
    <ClCompile Include="ErrorView.cpp">
      <Filter>Source Files</Filter>
    </ClCompile>
    <ClCompile Include="EventDetail.cpp">
      <Filter>Source Files</Filter>
    </ClCompile>
    <ClCompile Include="EventView.cpp">
      <Filter>Source Files</Filter>
    </ClCompile>
    <ClCompile Include="FindEvent.cpp">
      <Filter>Source Files</Filter>
    </ClCompile>
    <ClCompile Include="Friend.cpp">
      <Filter>Source Files</Filter>
    </ClCompile>
    <ClCompile Include="GeneralView.cpp">
      <Filter>Source Files</Filter>
    </ClCompile>
    <ClCompile Include="MainFrm.cpp">
      <Filter>Source Files</Filter>
    </ClCompile>
    <ClCompile Include="MainFrmTools.cpp">
      <Filter>Source Files</Filter>
    </ClCompile>
    <ClCompile Include="MainFrmUI.cpp">
      <Filter>Source Files</Filter>
    </ClCompile>
    <ClCompile Include="MfcMsIeView.cpp">
      <Filter>Source Files</Filter>
    </ClCompile>
    <ClCompile Include="MidiAbout.cpp">
      <Filter>Source Files</Filter>
    </ClCompile>
    <ClCompile Include="MidiDoc.cpp">
      <Filter>Source Files</Filter>
    </ClCompile>
    <ClCompile Include="MidiExplorerView.cpp">
      <Filter>Source Files</Filter>
    </ClCompile>
    <ClCompile Include="MidiOwnPlayer.cpp">
      <Filter>Source Files</Filter>
    </ClCompile>
    <ClCompile Include="MidiTextView.cpp">
      <Filter>Source Files</Filter>
    </ClCompile>
    <ClCompile Include="MidiView.cpp">
      <Filter>Source Files</Filter>
    </ClCompile>
    <ClCompile Include="ModifyThread.cpp">
      <Filter>Source Files</Filter>
    </ClCompile>
    <ClCompile Include="ModifyThreadDialog.cpp">
      <Filter>Source Files</Filter>
    </ClCompile>
    <ClCompile Include="MWButton.cpp">
      <Filter>Source Files</Filter>
    </ClCompile>
    <ClCompile Include="MWComboBox.cpp">
      <Filter>Source Files</Filter>
    </ClCompile>
    <ClCompile Include="MWControllersComboBox.cpp">
      <Filter>Source Files</Filter>
    </ClCompile>
    <ClCompile Include="MWEdit.cpp">
      <Filter>Source Files</Filter>
    </ClCompile>
    <ClCompile Include="MWEditInList.cpp">
      <Filter>Source Files</Filter>
    </ClCompile>
    <ClCompile Include="MWEventsComboBox.cpp">
      <Filter>Source Files</Filter>
    </ClCompile>
    <ClCompile Include="MWFrameWnd.cpp">
      <Filter>Source Files</Filter>
    </ClCompile>
    <ClCompile Include="MWListBox.cpp">
      <Filter>Source Files</Filter>
    </ClCompile>
    <ClCompile Include="MWListCtrl.cpp">
      <Filter>Source Files</Filter>
    </ClCompile>
    <ClCompile Include="MWListEditBox.cpp">
      <Filter>Source Files</Filter>
    </ClCompile>
    <ClCompile Include="MWListEditCtrl.cpp">
      <Filter>Source Files</Filter>
    </ClCompile>
    <ClCompile Include="MWProgramsComboBox.cpp">
      <Filter>Source Files</Filter>
    </ClCompile>
    <ClCompile Include="MWProgressCtrl.cpp">
      <Filter>Source Files</Filter>
    </ClCompile>
    <ClCompile Include="MWReBar.cpp">
      <Filter>Source Files</Filter>
    </ClCompile>
    <ClCompile Include="MWRichEditControl.cpp">
      <Filter>Source Files</Filter>
    </ClCompile>
    <ClCompile Include="MWScrollBar.cpp">
      <Filter>Source Files</Filter>
    </ClCompile>
    <ClCompile Include="MWSliderCtrl.cpp">
      <Filter>Source Files</Filter>
    </ClCompile>
    <ClCompile Include="MWStatic.cpp">
      <Filter>Source Files</Filter>
    </ClCompile>
    <ClCompile Include="MWStatusBar.cpp">
      <Filter>Source Files</Filter>
    </ClCompile>
    <ClCompile Include="MWToolBar.cpp">
      <Filter>Source Files</Filter>
    </ClCompile>
    <ClCompile Include="NotesView.cpp">
      <Filter>Source Files</Filter>
    </ClCompile>
    <ClCompile Include="Parameters.cpp">
      <Filter>Source Files</Filter>
    </ClCompile>
    <ClCompile Include="PlayDirThreadProc.cpp">
      <Filter>Source Files</Filter>
    </ClCompile>
    <ClCompile Include="PlayerDialog.cpp">
      <Filter>Source Files</Filter>
    </ClCompile>
    <ClCompile Include="PlayList.cpp">
      <Filter>Source Files</Filter>
    </ClCompile>
    <ClCompile Include="PlayListProperty.cpp">
      <Filter>Source Files</Filter>
    </ClCompile>
    <ClCompile Include="PlayTuneThread.cpp">
      <Filter>Source Files</Filter>
    </ClCompile>
    <ClCompile Include="Preferences.cpp">
      <Filter>Source Files</Filter>
    </ClCompile>
    <ClCompile Include="RecordDialog.cpp">
      <Filter>Source Files</Filter>
    </ClCompile>
    <ClCompile Include="RecordThread.cpp">
      <Filter>Source Files</Filter>
    </ClCompile>
    <ClCompile Include="StaffView.cpp">
      <Filter>Source Files</Filter>
    </ClCompile>
    <ClCompile Include="StaffViewParms.cpp">
      <Filter>Source Files</Filter>
    </ClCompile>
    <ClCompile Include="StaffViewPrint.cpp">
      <Filter>Source Files</Filter>
    </ClCompile>
    <ClCompile Include="StaticUrl.cpp">
      <Filter>Source Files</Filter>
    </ClCompile>
    <ClCompile Include="StdAfx.cpp">
      <Filter>Source Files</Filter>
    </ClCompile>
    <ClCompile Include="SysExDialog.cpp">
      <Filter>Source Files</Filter>
    </ClCompile>
    <ClCompile Include="TrackDetail.cpp">
      <Filter>Source Files</Filter>
    </ClCompile>
    <ClCompile Include="TracksView.cpp">
      <Filter>Source Files</Filter>
    </ClCompile>
    <ClCompile Include="MidiChannel.cpp">
      <Filter>Source Files</Filter>
    </ClCompile>
    <ClCompile Include="MidiChannelPressure.cpp">
      <Filter>Source Files</Filter>
    </ClCompile>
    <ClCompile Include="MidiClass.cpp">
      <Filter>Source Files</Filter>
    </ClCompile>
    <ClCompile Include="MidiEndOfTrack.cpp">
      <Filter>Source Files</Filter>
    </ClCompile>
    <ClCompile Include="MidiError.cpp">
      <Filter>Source Files</Filter>
    </ClCompile>
    <ClCompile Include="MidiEvent.cpp">
      <Filter>Source Files</Filter>
    </ClCompile>
    <ClCompile Include="MidiFile.cpp">
      <Filter>Source Files</Filter>
    </ClCompile>
    <ClCompile Include="MidiFileLowLevelPlay.cpp">
      <Filter>Source Files</Filter>
    </ClCompile>
    <ClCompile Include="MidiFileMci.cpp">
      <Filter>Source Files</Filter>
    </ClCompile>
    <ClCompile Include="MidiFrame.cpp">
      <Filter>Source Files</Filter>
    </ClCompile>
    <ClCompile Include="MidiInputChunk.cpp">
      <Filter>Source Files</Filter>
    </ClCompile>
    <ClCompile Include="MidiKeyPressure.cpp">
      <Filter>Source Files</Filter>
    </ClCompile>
    <ClCompile Include="MidiKeySignature.cpp">
      <Filter>Source Files</Filter>
    </ClCompile>
    <ClCompile Include="MidiList.cpp">
      <Filter>Source Files</Filter>
    </ClCompile>
    <ClCompile Include="MidiNoteOff.cpp">
      <Filter>Source Files</Filter>
    </ClCompile>
    <ClCompile Include="MidiNoteOn.cpp">
      <Filter>Source Files</Filter>
    </ClCompile>
    <ClCompile Include="MidiParameters.cpp">
      <Filter>Source Files</Filter>
    </ClCompile>
    <ClCompile Include="MidiPiece.cpp">
      <Filter>Source Files</Filter>
    </ClCompile>
    <ClCompile Include="MidiPlayerChunk.cpp">
      <Filter>Source Files</Filter>
    </ClCompile>
    <ClCompile Include="MidiProgram.cpp">
      <Filter>Source Files</Filter>
    </ClCompile>
    <ClCompile Include="MidiSetSMPTE.cpp">
      <Filter>Source Files</Filter>
    </ClCompile>
    <ClCompile Include="MidiSetTempo.cpp">
      <Filter>Source Files</Filter>
    </ClCompile>
    <ClCompile Include="MidiStartOfTrack.cpp">
      <Filter>Source Files</Filter>
    </ClCompile>
    <ClCompile Include="MidiSysEx.cpp">
      <Filter>Source Files</Filter>
    </ClCompile>
    <ClCompile Include="MidiSystemExclusive.cpp">
      <Filter>Source Files</Filter>
    </ClCompile>
    <ClCompile Include="MidiText.cpp">
      <Filter>Source Files</Filter>
    </ClCompile>
    <ClCompile Include="MidiText2.cpp">
      <Filter>Source Files</Filter>
    </ClCompile>
    <ClCompile Include="MidiTimeSignature.cpp">
      <Filter>Source Files</Filter>
    </ClCompile>
    <ClCompile Include="MidiTrack.cpp">
      <Filter>Source Files</Filter>
    </ClCompile>
    <ClCompile Include="MidiWave.cpp">
      <Filter>Source Files</Filter>
    </ClCompile>
    <ClCompile Include="MidiWheel.cpp">
      <Filter>Source Files</Filter>
    </ClCompile>
    <ClCompile Include="CFluidSynth.cpp">
      <Filter>Source Files</Filter>
    </ClCompile>
    <ClCompile Include="AudioLoopback.cpp">
      <Filter>Source Files</Filter>
    </ClCompile>
    <ClCompile Include="AudioLoopbackThread.cpp">
      <Filter>Source Files</Filter>
    </ClCompile>
    <ClCompile Include="ToolBarSoundFont.cpp">
      <Filter>Source Files</Filter>
    </ClCompile>
    <ClCompile Include="MCMemA.cpp">
      <Filter>Source Files</Filter>
    </ClCompile>
    <ClCompile Include="MCMemW.cpp">
      <Filter>Source Files</Filter>
    </ClCompile>
    <ClCompile Include="PrintRoutine.cpp">
      <Filter>Source Files</Filter>
    </ClCompile>
    <ClCompile Include="strstr.cpp">
      <Filter>Source Files</Filter>
    </ClCompile>
    <ClCompile Include="MidiGlassApp.cpp">
      <Filter>Source Files</Filter>
    </ClCompile>
    <ClCompile Include="MWSF2FilesComboBox.cpp">
      <Filter>Source Files</Filter>
    </ClCompile>
    <ClCompile Include="WaitTreatment.cpp">
      <Filter>Source Files</Filter>
    </ClCompile>
    <ClCompile Include="MWFormView.cpp">
      <Filter>Source Files</Filter>
    </ClCompile>
    <ClCompile Include="MWBase.cpp">
      <Filter>Source Files</Filter>
    </ClCompile>
    <ClCompile Include="MidiBinary.cpp">
      <Filter>Source Files</Filter>
    </ClCompile>
    <ClCompile Include="MWCHeaderCtrl.cpp">
      <Filter>Source Files</Filter>
    </ClCompile>
    <ClCompile Include="MWCReBarCtrl.cpp">
      <Filter>Source Files</Filter>
    </ClCompile>
    <ClCompile Include="ExceptionErrorHandler.cpp">
      <Filter>Source Files</Filter>
    </ClCompile>
    <ClCompile Include="MWMenu.cpp">
      <Filter>Source Files</Filter>
    </ClCompile>
    <ClCompile Include="MWDialog.cpp">
      <Filter>Source Files</Filter>
    </ClCompile>
    <ClCompile Include="MWColors.cpp">
      <Filter>Source Files</Filter>
    </ClCompile>
    <ClCompile Include="MWNCColor.cpp">
      <Filter>Source Files</Filter>
    </ClCompile>
  </ItemGroup>
  <ItemGroup>
    <ClInclude Include="AutomaticVersionHeader.h">
      <Filter>Header Files</Filter>
    </ClInclude>
    <ClInclude Include="ChannelView.h">
      <Filter>Header Files</Filter>
    </ClInclude>
    <ClInclude Include="CorrectOptions.h">
      <Filter>Header Files</Filter>
    </ClInclude>
    <ClInclude Include="ErrorView.h">
      <Filter>Header Files</Filter>
    </ClInclude>
    <ClInclude Include="EventDetail.h">
      <Filter>Header Files</Filter>
    </ClInclude>
    <ClInclude Include="EventView.h">
      <Filter>Header Files</Filter>
    </ClInclude>
    <ClInclude Include="FindEvent.h">
      <Filter>Header Files</Filter>
    </ClInclude>
    <ClInclude Include="GeneralView.h">
      <Filter>Header Files</Filter>
    </ClInclude>
    <ClInclude Include="MainFrm.h">
      <Filter>Header Files</Filter>
    </ClInclude>
    <ClInclude Include="MfcMsIeView.h">
      <Filter>Header Files</Filter>
    </ClInclude>
    <ClInclude Include="MidiAbout.h">
      <Filter>Header Files</Filter>
    </ClInclude>
    <ClInclude Include="MidiDoc.h">
      <Filter>Header Files</Filter>
    </ClInclude>
    <ClInclude Include="MidiExplorerView.h">
      <Filter>Header Files</Filter>
    </ClInclude>
    <ClInclude Include="MidiOwnPlayer.h">
      <Filter>Header Files</Filter>
    </ClInclude>
    <ClInclude Include="MidiTextView.h">
      <Filter>Header Files</Filter>
    </ClInclude>
    <ClInclude Include="MidiView.h">
      <Filter>Header Files</Filter>
    </ClInclude>
    <ClInclude Include="ModifyThread.h">
      <Filter>Header Files</Filter>
    </ClInclude>
    <ClInclude Include="ModifyThreadDialog.h">
      <Filter>Header Files</Filter>
    </ClInclude>
    <ClInclude Include="MWButton.h">
      <Filter>Header Files</Filter>
    </ClInclude>
    <ClInclude Include="MWComboBox.h">
      <Filter>Header Files</Filter>
    </ClInclude>
    <ClInclude Include="MWControllersComboBox.h">
      <Filter>Header Files</Filter>
    </ClInclude>
    <ClInclude Include="MWEdit.h">
      <Filter>Header Files</Filter>
    </ClInclude>
    <ClInclude Include="MWEditInList.h">
      <Filter>Header Files</Filter>
    </ClInclude>
    <ClInclude Include="MWEventsComboBox.h">
      <Filter>Header Files</Filter>
    </ClInclude>
    <ClInclude Include="MWFrameWnd.h">
      <Filter>Header Files</Filter>
    </ClInclude>
    <ClInclude Include="MWListBox.h">
      <Filter>Header Files</Filter>
    </ClInclude>
    <ClInclude Include="MWListCtrl.h">
      <Filter>Header Files</Filter>
    </ClInclude>
    <ClInclude Include="MWListEditBox.h">
      <Filter>Header Files</Filter>
    </ClInclude>
    <ClInclude Include="MWListEditCtrl.h">
      <Filter>Header Files</Filter>
    </ClInclude>
    <ClInclude Include="MWObjects.h">
      <Filter>Header Files</Filter>
    </ClInclude>
    <ClInclude Include="MWProgramsComboBox.h">
      <Filter>Header Files</Filter>
    </ClInclude>
    <ClInclude Include="MWProgressCtrl.h">
      <Filter>Header Files</Filter>
    </ClInclude>
    <ClInclude Include="MWReBar.h">
      <Filter>Header Files</Filter>
    </ClInclude>
    <ClInclude Include="MWRichEditControl.h">
      <Filter>Header Files</Filter>
    </ClInclude>
    <ClInclude Include="MWScrollBar.h">
      <Filter>Header Files</Filter>
    </ClInclude>
    <ClInclude Include="MWSliderCtrl.h">
      <Filter>Header Files</Filter>
    </ClInclude>
    <ClInclude Include="MWStatic.h">
      <Filter>Header Files</Filter>
    </ClInclude>
    <ClInclude Include="MWStatusBar.h">
      <Filter>Header Files</Filter>
    </ClInclude>
    <ClInclude Include="MWToolBar.h">
      <Filter>Header Files</Filter>
    </ClInclude>
    <ClInclude Include="NotesView.h">
      <Filter>Header Files</Filter>
    </ClInclude>
    <ClInclude Include="Parameters.h">
      <Filter>Header Files</Filter>
    </ClInclude>
    <ClInclude Include="PlayDirThreadProc.h">
      <Filter>Header Files</Filter>
    </ClInclude>
    <ClInclude Include="PlayerDialog.h">
      <Filter>Header Files</Filter>
    </ClInclude>
    <ClInclude Include="PlayList.h">
      <Filter>Header Files</Filter>
    </ClInclude>
    <ClInclude Include="PlayListProperty.h">
      <Filter>Header Files</Filter>
    </ClInclude>
    <ClInclude Include="PlayTuneThread.h">
      <Filter>Header Files</Filter>
    </ClInclude>
    <ClInclude Include="Preferences.h">
      <Filter>Header Files</Filter>
    </ClInclude>
    <ClInclude Include="RecordDialog.h">
      <Filter>Header Files</Filter>
    </ClInclude>
    <ClInclude Include="RecordThread.h">
      <Filter>Header Files</Filter>
    </ClInclude>
    <ClInclude Include="StaffView.h">
      <Filter>Header Files</Filter>
    </ClInclude>
    <ClInclude Include="StaffViewParms.h">
      <Filter>Header Files</Filter>
    </ClInclude>
    <ClInclude Include="StaticUrl.h">
      <Filter>Header Files</Filter>
    </ClInclude>
    <ClInclude Include="StdAfx.h">
      <Filter>Header Files</Filter>
    </ClInclude>
    <ClInclude Include="SysExDialog.h">
      <Filter>Header Files</Filter>
    </ClInclude>
    <ClInclude Include="TrackDetail.h">
      <Filter>Header Files</Filter>
    </ClInclude>
    <ClInclude Include="TracksView.h">
      <Filter>Header Files</Filter>
    </ClInclude>
    <ClInclude Include="AutomaticProductName.h">
      <Filter>Header Files</Filter>
    </ClInclude>
    <ClInclude Include="Friend.h">
      <Filter>Header Files</Filter>
    </ClInclude>
    <ClInclude Include="MidiChannel.h">
      <Filter>Header Files</Filter>
    </ClInclude>
    <ClInclude Include="MidiClass.h">
      <Filter>Header Files</Filter>
    </ClInclude>
    <ClInclude Include="MidiDefs.h">
      <Filter>Header Files</Filter>
    </ClInclude>
    <ClInclude Include="MidiError.h">
      <Filter>Header Files</Filter>
    </ClInclude>
    <ClInclude Include="MidiEvent.h">
      <Filter>Header Files</Filter>
    </ClInclude>
    <ClInclude Include="MidiExported.h">
      <Filter>Header Files</Filter>
    </ClInclude>
    <ClInclude Include="MidiFile.h">
      <Filter>Header Files</Filter>
    </ClInclude>
    <ClInclude Include="MidiFrame.h">
      <Filter>Header Files</Filter>
    </ClInclude>
    <ClInclude Include="MidiInputChunk.h">
      <Filter>Header Files</Filter>
    </ClInclude>
    <ClInclude Include="MidiList.h">
      <Filter>Header Files</Filter>
    </ClInclude>
    <ClInclude Include="MidiPiece.h">
      <Filter>Header Files</Filter>
    </ClInclude>
    <ClInclude Include="MidiPlayerChunk.h">
      <Filter>Header Files</Filter>
    </ClInclude>
    <ClInclude Include="MidiSysEx.h">
      <Filter>Header Files</Filter>
    </ClInclude>
    <ClInclude Include="MidiText.h">
      <Filter>Header Files</Filter>
    </ClInclude>
    <ClInclude Include="MidiTrack.h">
      <Filter>Header Files</Filter>
    </ClInclude>
    <ClInclude Include="MidiWave.h">
      <Filter>Header Files</Filter>
    </ClInclude>
    <ClInclude Include="resource.h">
      <Filter>Header Files</Filter>
    </ClInclude>
    <ClInclude Include="CFluidSynth.h">
      <Filter>Header Files</Filter>
    </ClInclude>
    <ClInclude Include="AudioLoopback.h">
      <Filter>Header Files</Filter>
    </ClInclude>
    <ClInclude Include="AudioLoopbackThread.h">
      <Filter>Header Files</Filter>
    </ClInclude>
    <ClInclude Include="ToolBarSoundFont.h">
      <Filter>Header Files</Filter>
    </ClInclude>
    <ClInclude Include="MCMemA.h">
      <Filter>Header Files</Filter>
    </ClInclude>
    <ClInclude Include="MCMemW.h">
      <Filter>Header Files</Filter>
    </ClInclude>
    <ClInclude Include="PrintRoutine.h">
      <Filter>Header Files</Filter>
    </ClInclude>
    <ClInclude Include="strstr.h">
      <Filter>Header Files</Filter>
    </ClInclude>
    <ClInclude Include="MidiGlassApp.h">
      <Filter>Header Files</Filter>
    </ClInclude>
    <ClInclude Include="MWSF2FilesComboBox.h">
      <Filter>Header Files</Filter>
    </ClInclude>
    <ClInclude Include="WaitTreatment.h">
      <Filter>Header Files</Filter>
    </ClInclude>
    <ClInclude Include="MWFormView.h">
      <Filter>Header Files</Filter>
    </ClInclude>
    <ClInclude Include="MWBase.h">
      <Filter>Header Files</Filter>
    </ClInclude>
    <ClInclude Include="MidiBinary.h">
      <Filter>Header Files</Filter>
    </ClInclude>
    <ClInclude Include="MWCHeaderCtrl.h">
      <Filter>Header Files</Filter>
    </ClInclude>
    <ClInclude Include="MWCReBarCtrl.h">
      <Filter>Header Files</Filter>
    </ClInclude>
    <ClInclude Include="MWMenu.h">
      <Filter>Header Files</Filter>
    </ClInclude>
    <ClInclude Include="MWGDI.h">
      <Filter>Header Files</Filter>
    </ClInclude>
    <ClInclude Include="MWColors.h">
      <Filter>Header Files</Filter>
    </ClInclude>
    <ClInclude Include="MWNCColor.h">
      <Filter>Header Files</Filter>
    </ClInclude>
    <ClInclude Include="MWDialog.h">
      <Filter>Header Files</Filter>
    </ClInclude>
  </ItemGroup>
  <ItemGroup>
    <None Include="res\back.bmp">
      <Filter>Resource Files</Filter>
    </None>
    <None Include="res\backempt.bmp">
      <Filter>Resource Files</Filter>
    </None>
    <None Include="res\backgrou.bmp">
      <Filter>Resource Files</Filter>
    </None>
    <None Include="res\backward.bmp">
      <Filter>Resource Files</Filter>
    </None>
    <None Include="res\bitmap1.bmp">
      <Filter>Resource Files</Filter>
    </None>
    <None Include="res\bmp00001.bmp">
      <Filter>Resource Files</Filter>
    </None>
    <None Include="res\bmp00002.bmp">
      <Filter>Resource Files</Filter>
    </None>
    <None Include="res\channel_.bmp">
      <Filter>Resource Files</Filter>
    </None>
    <None Include="res\event_32.bmp">
      <Filter>Resource Files</Filter>
    </None>
    <None Include="res\event_ic.bmp">
      <Filter>Resource Files</Filter>
    </None>
    <None Include="res\explorer.bmp">
      <Filter>Resource Files</Filter>
    </None>
    <None Include="res\forw.bmp">
      <Filter>Resource Files</Filter>
    </None>
    <None Include="res\forward.bmp">
      <Filter>Resource Files</Filter>
    </None>
    <None Include="res\H_point.cur">
      <Filter>Resource Files</Filter>
    </None>
    <None Include="res\ie_toolb.bmp">
      <Filter>Resource Files</Filter>
    </None>
    <None Include="res\loop.bmp">
      <Filter>Resource Files</Filter>
    </None>
    <None Include="res\mainfram.bmp">
      <Filter>Resource Files</Filter>
    </None>
    <None Include="res\mci_tool.bmp">
      <Filter>Resource Files</Filter>
    </None>
    <None Include="res\midi_too.bmp">
      <Filter>Resource Files</Filter>
    </None>
    <None Include="res\midifile1.mid">
      <Filter>Resource Files</Filter>
    </None>
    <None Include="res\Midirtf.rtf">
      <Filter>Resource Files</Filter>
    </None>
    <None Include="res\NOTE16X2.bmp">
      <Filter>Resource Files</Filter>
    </None>
    <None Include="res\NOTE32X2.bmp">
      <Filter>Resource Files</Filter>
    </None>
    <None Include="res\NOTE48X2.bmp">
      <Filter>Resource Files</Filter>
    </None>
    <None Include="res\pause.bmp">
      <Filter>Resource Files</Filter>
    </None>
    <None Include="res\play.bmp">
      <Filter>Resource Files</Filter>
    </None>
    <None Include="res\Shot0002.bmp">
      <Filter>Resource Files</Filter>
    </None>
    <None Include="res\stop.bmp">
      <Filter>Resource Files</Filter>
    </None>
    <None Include="res\Toolbar.bmp">
      <Filter>Resource Files</Filter>
    </None>
    <None Include="ReadMe.txt" />
    <None Include="MidiGlass.hpj">
      <Filter>Source Files</Filter>
    </None>
    <None Include="res\MidiGlassDoc.ico">
      <Filter>Resource Files</Filter>
    </None>
    <None Include="res\MidiGlass.ico">
      <Filter>Resource Files</Filter>
    </None>
    <None Include="res\MidiGlass.rc2">
      <Filter>Resource Files</Filter>
    </None>
    <None Include="res\midifile2.mid">
      <Filter>Resource Files</Filter>
    </None>
  </ItemGroup>
  <ItemGroup>
    <Image Include="res\Pictogrammers-Material-Midi.ico">
      <Filter>Resource Files</Filter>
    </Image>
    <Image Include="res\Simpleicons-Team-Simple-Midi.ico">
      <Filter>Resource Files</Filter>
    </Image>
    <Image Include="res\Trayse101-Basic-Filetypes-1-Midi.ico">
      <Filter>Resource Files</Filter>
    </Image>
    <Image Include="res\toolbar1.bmp">
      <Filter>Resource Files</Filter>
    </Image>
    <Image Include="res\CheckWhite.ico">
      <Filter>Resource Files</Filter>
    </Image>
    <Image Include="res\Close.ico">
      <Filter>Resource Files</Filter>
    </Image>
    <Image Include="res\Mininize.ico">
      <Filter>Resource Files</Filter>
    </Image>
    <Image Include="res\Windowed.ico">
      <Filter>Resource Files</Filter>
    </Image>
    <Image Include="res\CheckBlack.ico">
      <Filter>Resource Files</Filter>
    </Image>
    <Image Include="res\Maximize.ico">
      <Filter>Resource Files</Filter>
    </Image>
  </ItemGroup>
  <ItemGroup>
    <ResourceCompile Include="MidiGlass.rc">
      <Filter>Source Files</Filter>
    </ResourceCompile>
  </ItemGroup>
</Project>